
Microsoft Visual Studio Solution File, Format Version 12.00
# Visual Studio Version 17
VisualStudioVersion = 17.8.34330.188
MinimumVisualStudioVersion = 10.0.40219.1
Project("{2150E333-8FDC-42A3-9474-1A3956D46DE8}") = "Services", "Services", "{802635E6-BC4A-4FD1-A319-595F7071DEB6}"
EndProject
Project("{2150E333-8FDC-42A3-9474-1A3956D46DE8}") = "Catalog", "Catalog", "{94CB820F-4A51-4E5C-9249-75E74A38ADCF}"
EndProject
Project("{9A19103F-16F7-4668-BE54-9A1E7A4F7556}") = "MultiShop.Catalog", "Services\Catalog\MultiShop.Catalog\MultiShop.Catalog.csproj", "{3A76554E-E8A6-4CFC-86F9-F3AACD3A8E99}"
EndProject
Project("{2150E333-8FDC-42A3-9474-1A3956D46DE8}") = "Discount", "Discount", "{69E4CE22-A916-424E-8C7B-8DC529FA6A08}"
EndProject
Project("{9A19103F-16F7-4668-BE54-9A1E7A4F7556}") = "MultiShop.Discount", "Services\Discount\MultiShop.Discount\MultiShop.Discount.csproj", "{AD29B3C8-2B20-49E2-A41F-818947D4D1A3}"
EndProject
Project("{2150E333-8FDC-42A3-9474-1A3956D46DE8}") = "Order", "Order", "{5E276CB1-4A38-4FFC-A974-A06CA909B9DD}"
EndProject
Project("{2150E333-8FDC-42A3-9474-1A3956D46DE8}") = "Core", "Core", "{B3232A57-B002-4568-B6AB-57C9B8963B96}"
EndProject
Project("{2150E333-8FDC-42A3-9474-1A3956D46DE8}") = "Infrastructure", "Infrastructure", "{635ED6DE-A66E-4CA0-9608-E4086C32DDFE}"
EndProject
Project("{2150E333-8FDC-42A3-9474-1A3956D46DE8}") = "Presentation", "Presentation", "{D19EAEF3-D32C-4CB3-B061-02C4FF4B3AF0}"
EndProject
Project("{FAE04EC0-301F-11D3-BF4B-00C04F79EFBC}") = "MultiShop.Order.Domain", "Services\Order\Core\MultiShop.Order.Domain\MultiShop.Order.Domain.csproj", "{FCD26586-6B0F-4359-974F-48FB44CD9879}"
EndProject
Project("{FAE04EC0-301F-11D3-BF4B-00C04F79EFBC}") = "MultiShop.Order.Application", "Services\Order\Core\MultiShop.Order.Application\MultiShop.Order.Application.csproj", "{14B2EA19-0ACC-49EC-A6AE-2C09999FB4F3}"
EndProject
Project("{FAE04EC0-301F-11D3-BF4B-00C04F79EFBC}") = "MultiShop.Order.Persistence", "Services\Order\Infrastructure\MultiShop.Order.Persistence\MultiShop.Order.Persistence.csproj", "{2472611C-72D5-4171-A455-E2B8CDA85C1F}"
EndProject
Project("{FAE04EC0-301F-11D3-BF4B-00C04F79EFBC}") = "MultiShop.Order.WebApi", "Services\Order\Presentation\MultiShop.Order.WebApi\MultiShop.Order.WebApi.csproj", "{EE551575-457C-4164-86FA-E17B16D7462C}"
EndProject
Global
	GlobalSection(SolutionConfigurationPlatforms) = preSolution
		Debug|Any CPU = Debug|Any CPU
		Release|Any CPU = Release|Any CPU
	EndGlobalSection
	GlobalSection(ProjectConfigurationPlatforms) = postSolution
		{3A76554E-E8A6-4CFC-86F9-F3AACD3A8E99}.Debug|Any CPU.ActiveCfg = Debug|Any CPU
		{3A76554E-E8A6-4CFC-86F9-F3AACD3A8E99}.Debug|Any CPU.Build.0 = Debug|Any CPU
		{3A76554E-E8A6-4CFC-86F9-F3AACD3A8E99}.Release|Any CPU.ActiveCfg = Release|Any CPU
		{3A76554E-E8A6-4CFC-86F9-F3AACD3A8E99}.Release|Any CPU.Build.0 = Release|Any CPU
		{AD29B3C8-2B20-49E2-A41F-818947D4D1A3}.Debug|Any CPU.ActiveCfg = Debug|Any CPU
		{AD29B3C8-2B20-49E2-A41F-818947D4D1A3}.Debug|Any CPU.Build.0 = Debug|Any CPU
		{AD29B3C8-2B20-49E2-A41F-818947D4D1A3}.Release|Any CPU.ActiveCfg = Release|Any CPU
		{AD29B3C8-2B20-49E2-A41F-818947D4D1A3}.Release|Any CPU.Build.0 = Release|Any CPU
		{FCD26586-6B0F-4359-974F-48FB44CD9879}.Debug|Any CPU.ActiveCfg = Debug|Any CPU
		{FCD26586-6B0F-4359-974F-48FB44CD9879}.Debug|Any CPU.Build.0 = Debug|Any CPU
		{FCD26586-6B0F-4359-974F-48FB44CD9879}.Release|Any CPU.ActiveCfg = Release|Any CPU
		{FCD26586-6B0F-4359-974F-48FB44CD9879}.Release|Any CPU.Build.0 = Release|Any CPU
		{14B2EA19-0ACC-49EC-A6AE-2C09999FB4F3}.Debug|Any CPU.ActiveCfg = Debug|Any CPU
		{14B2EA19-0ACC-49EC-A6AE-2C09999FB4F3}.Debug|Any CPU.Build.0 = Debug|Any CPU
		{14B2EA19-0ACC-49EC-A6AE-2C09999FB4F3}.Release|Any CPU.ActiveCfg = Release|Any CPU
		{14B2EA19-0ACC-49EC-A6AE-2C09999FB4F3}.Release|Any CPU.Build.0 = Release|Any CPU
		{2472611C-72D5-4171-A455-E2B8CDA85C1F}.Debug|Any CPU.ActiveCfg = Debug|Any CPU
		{2472611C-72D5-4171-A455-E2B8CDA85C1F}.Debug|Any CPU.Build.0 = Debug|Any CPU
		{2472611C-72D5-4171-A455-E2B8CDA85C1F}.Release|Any CPU.ActiveCfg = Release|Any CPU
		{2472611C-72D5-4171-A455-E2B8CDA85C1F}.Release|Any CPU.Build.0 = Release|Any CPU
		{EE551575-457C-4164-86FA-E17B16D7462C}.Debug|Any CPU.ActiveCfg = Debug|Any CPU
		{EE551575-457C-4164-86FA-E17B16D7462C}.Debug|Any CPU.Build.0 = Debug|Any CPU
		{EE551575-457C-4164-86FA-E17B16D7462C}.Release|Any CPU.ActiveCfg = Release|Any CPU
		{EE551575-457C-4164-86FA-E17B16D7462C}.Release|Any CPU.Build.0 = Release|Any CPU
	EndGlobalSection
	GlobalSection(SolutionProperties) = preSolution
		HideSolutionNode = FALSE
	EndGlobalSection
	GlobalSection(NestedProjects) = preSolution
		{94CB820F-4A51-4E5C-9249-75E74A38ADCF} = {802635E6-BC4A-4FD1-A319-595F7071DEB6}
		{3A76554E-E8A6-4CFC-86F9-F3AACD3A8E99} = {94CB820F-4A51-4E5C-9249-75E74A38ADCF}
		{69E4CE22-A916-424E-8C7B-8DC529FA6A08} = {802635E6-BC4A-4FD1-A319-595F7071DEB6}
		{AD29B3C8-2B20-49E2-A41F-818947D4D1A3} = {69E4CE22-A916-424E-8C7B-8DC529FA6A08}
		{5E276CB1-4A38-4FFC-A974-A06CA909B9DD} = {802635E6-BC4A-4FD1-A319-595F7071DEB6}
		{B3232A57-B002-4568-B6AB-57C9B8963B96} = {5E276CB1-4A38-4FFC-A974-A06CA909B9DD}
		{635ED6DE-A66E-4CA0-9608-E4086C32DDFE} = {5E276CB1-4A38-4FFC-A974-A06CA909B9DD}
		{D19EAEF3-D32C-4CB3-B061-02C4FF4B3AF0} = {5E276CB1-4A38-4FFC-A974-A06CA909B9DD}
		{FCD26586-6B0F-4359-974F-48FB44CD9879} = {B3232A57-B002-4568-B6AB-57C9B8963B96}
		{14B2EA19-0ACC-49EC-A6AE-2C09999FB4F3} = {B3232A57-B002-4568-B6AB-57C9B8963B96}
		{2472611C-72D5-4171-A455-E2B8CDA85C1F} = {635ED6DE-A66E-4CA0-9608-E4086C32DDFE}
		{EE551575-457C-4164-86FA-E17B16D7462C} = {D19EAEF3-D32C-4CB3-B061-02C4FF4B3AF0}
	EndGlobalSection
	GlobalSection(ExtensibilityGlobals) = postSolution
		SolutionGuid = {51392C9E-55F0-40F4-93D9-39EFB7DF8184}
	EndGlobalSection
EndGlobal
